
Microsoft Visual Studio Solution File, Format Version 12.00
# Visual Studio 15
VisualStudioVersion = 15.0.28307.136
MinimumVisualStudioVersion = 10.0.40219.1
Project("{FAE04EC0-301F-11D3-BF4B-00C04F79EFBC}") = "QueueOversightTool", "QueueOversightTool\QueueOversightTool.csproj", "{AA97FB8B-528F-4FF1-80F0-B363B8E107E8}"
EndProject
Project("{FAE04EC0-301F-11D3-BF4B-00C04F79EFBC}") = "QueueOversightTool.Tests", "QueueOversightTool.Tests\QueueOversightTool.Tests.csproj", "{0899A4C8-154C-41CF-B552-3EA8D364F028}"
EndProject
Global
	GlobalSection(SolutionConfigurationPlatforms) = preSolution
		Debug|Any CPU = Debug|Any CPU
		Release|Any CPU = Release|Any CPU
	EndGlobalSection
	GlobalSection(ProjectConfigurationPlatforms) = postSolution
		{AA97FB8B-528F-4FF1-80F0-B363B8E107E8}.Debug|Any CPU.ActiveCfg = Debug|Any CPU
		{AA97FB8B-528F-4FF1-80F0-B363B8E107E8}.Debug|Any CPU.Build.0 = Debug|Any CPU
		{AA97FB8B-528F-4FF1-80F0-B363B8E107E8}.Release|Any CPU.ActiveCfg = Release|Any CPU
		{AA97FB8B-528F-4FF1-80F0-B363B8E107E8}.Release|Any CPU.Build.0 = Release|Any CPU
		{0899A4C8-154C-41CF-B552-3EA8D364F028}.Debug|Any CPU.ActiveCfg = Debug|Any CPU
		{0899A4C8-154C-41CF-B552-3EA8D364F028}.Debug|Any CPU.Build.0 = Debug|Any CPU
		{0899A4C8-154C-41CF-B552-3EA8D364F028}.Release|Any CPU.ActiveCfg = Release|Any CPU
		{0899A4C8-154C-41CF-B552-3EA8D364F028}.Release|Any CPU.Build.0 = Release|Any CPU
	EndGlobalSection
	GlobalSection(SolutionProperties) = preSolution
		HideSolutionNode = FALSE
	EndGlobalSection
	GlobalSection(ExtensibilityGlobals) = postSolution
		SolutionGuid = {31B4BFEA-1D81-4A3F-BC08-65C2C9369398}
	EndGlobalSection
EndGlobal
